
Microsoft Visual Studio Solution File, Format Version 12.00
# Visual Studio Version 17
VisualStudioVersion = 17.3.32901.215
MinimumVisualStudioVersion = 10.0.40219.1
Project("{FAE04EC0-301F-11D3-BF4B-00C04F79EFBC}") = "ListAutoAddStudent", "ListAutoAddStudent\ListAutoAddStudent.csproj", "{EA5CA5C1-8DA4-45DB-84D8-0521CF18CE92}"
EndProject
Global
	GlobalSection(SolutionConfigurationPlatforms) = preSolution
		Debug|Any CPU = Debug|Any CPU
		Release|Any CPU = Release|Any CPU
	EndGlobalSection
	GlobalSection(ProjectConfigurationPlatforms) = postSolution
		{EA5CA5C1-8DA4-45DB-84D8-0521CF18CE92}.Debug|Any CPU.ActiveCfg = Debug|Any CPU
		{EA5CA5C1-8DA4-45DB-84D8-0521CF18CE92}.Debug|Any CPU.Build.0 = Debug|Any CPU
		{EA5CA5C1-8DA4-45DB-84D8-0521CF18CE92}.Release|Any CPU.ActiveCfg = Release|Any CPU
		{EA5CA5C1-8DA4-45DB-84D8-0521CF18CE92}.Release|Any CPU.Build.0 = Release|Any CPU
	EndGlobalSection
	GlobalSection(SolutionProperties) = preSolution
		HideSolutionNode = FALSE
	EndGlobalSection
	GlobalSection(ExtensibilityGlobals) = postSolution
		SolutionGuid = {5B3B66F7-87BC-4A94-8268-8BA01843E57A}
	EndGlobalSection
EndGlobal
