
Microsoft Visual Studio Solution File, Format Version 12.00
# Visual Studio Version 17
VisualStudioVersion = 17.3.32901.215
MinimumVisualStudioVersion = 10.0.40219.1
Project("{FAE04EC0-301F-11D3-BF4B-00C04F79EFBC}") = "Array_StudentGrade(Result)", "Array_StudentGrade(Result)\Array_StudentGrade(Result).csproj", "{47A6B664-AF6E-48B8-8C95-A64013B856A7}"
EndProject
Global
	GlobalSection(SolutionConfigurationPlatforms) = preSolution
		Debug|Any CPU = Debug|Any CPU
		Release|Any CPU = Release|Any CPU
	EndGlobalSection
	GlobalSection(ProjectConfigurationPlatforms) = postSolution
		{47A6B664-AF6E-48B8-8C95-A64013B856A7}.Debug|Any CPU.ActiveCfg = Debug|Any CPU
		{47A6B664-AF6E-48B8-8C95-A64013B856A7}.Debug|Any CPU.Build.0 = Debug|Any CPU
		{47A6B664-AF6E-48B8-8C95-A64013B856A7}.Release|Any CPU.ActiveCfg = Release|Any CPU
		{47A6B664-AF6E-48B8-8C95-A64013B856A7}.Release|Any CPU.Build.0 = Release|Any CPU
	EndGlobalSection
	GlobalSection(SolutionProperties) = preSolution
		HideSolutionNode = FALSE
	EndGlobalSection
	GlobalSection(ExtensibilityGlobals) = postSolution
		SolutionGuid = {B7B47BB0-5AAB-444E-BE21-30DEFFE8998B}
	EndGlobalSection
EndGlobal
